
Microsoft Visual Studio Solution File, Format Version 12.00
# Visual Studio Version 17
VisualStudioVersion = 17.8.34525.116
MinimumVisualStudioVersion = 10.0.40219.1
Project("{9A19103F-16F7-4668-BE54-9A1E7A4F7556}") = "LiveScoreReporter", "LiveScoreReporter\LiveScoreReporter.csproj", "{6CE77213-DCF1-4397-81A7-DA5B8985AABE}"
EndProject
Project("{9A19103F-16F7-4668-BE54-9A1E7A4F7556}") = "LiveScoreReporter.EFCore.Infrastructure", "LiveScoreReporter.EFCore.Infrastructure\LiveScoreReporter.EFCore.Infrastructure.csproj", "{35463BC0-0287-4006-9DCE-090933BA27A4}"
EndProject
Project("{FAE04EC0-301F-11D3-BF4B-00C04F79EFBC}") = "LiveScoreReporter.Shared", "LiveScoreReporter.Shared\LiveScoreReporter.Shared.csproj", "{AAEE9BE9-0B81-475D-B929-B63E2962562C}"
EndProject
Global
	GlobalSection(SolutionConfigurationPlatforms) = preSolution
		Debug|Any CPU = Debug|Any CPU
		Release|Any CPU = Release|Any CPU
	EndGlobalSection
	GlobalSection(ProjectConfigurationPlatforms) = postSolution
		{6CE77213-DCF1-4397-81A7-DA5B8985AABE}.Debug|Any CPU.ActiveCfg = Debug|Any CPU
		{6CE77213-DCF1-4397-81A7-DA5B8985AABE}.Debug|Any CPU.Build.0 = Debug|Any CPU
		{6CE77213-DCF1-4397-81A7-DA5B8985AABE}.Release|Any CPU.ActiveCfg = Release|Any CPU
		{6CE77213-DCF1-4397-81A7-DA5B8985AABE}.Release|Any CPU.Build.0 = Release|Any CPU
		{35463BC0-0287-4006-9DCE-090933BA27A4}.Debug|Any CPU.ActiveCfg = Debug|Any CPU
		{35463BC0-0287-4006-9DCE-090933BA27A4}.Debug|Any CPU.Build.0 = Debug|Any CPU
		{35463BC0-0287-4006-9DCE-090933BA27A4}.Release|Any CPU.ActiveCfg = Release|Any CPU
		{35463BC0-0287-4006-9DCE-090933BA27A4}.Release|Any CPU.Build.0 = Release|Any CPU
		{AAEE9BE9-0B81-475D-B929-B63E2962562C}.Debug|Any CPU.ActiveCfg = Debug|Any CPU
		{AAEE9BE9-0B81-475D-B929-B63E2962562C}.Debug|Any CPU.Build.0 = Debug|Any CPU
		{AAEE9BE9-0B81-475D-B929-B63E2962562C}.Release|Any CPU.ActiveCfg = Release|Any CPU
		{AAEE9BE9-0B81-475D-B929-B63E2962562C}.Release|Any CPU.Build.0 = Release|Any CPU
	EndGlobalSection
	GlobalSection(SolutionProperties) = preSolution
		HideSolutionNode = FALSE
	EndGlobalSection
	GlobalSection(ExtensibilityGlobals) = postSolution
		SolutionGuid = {77994D7D-C7A2-4D23-ABD0-E69DEA299CB1}
	EndGlobalSection
EndGlobal
